
Microsoft Visual Studio Solution File, Format Version 12.00
# Visual Studio Version 17
VisualStudioVersion = 17.5.33516.290
MinimumVisualStudioVersion = 10.0.40219.1
Project("{FAE04EC0-301F-11D3-BF4B-00C04F79EFBC}") = "UML to CODE", "UML to CODE\UML to CODE.csproj", "{984EEDD9-E690-440D-9A22-ED6FDAC0C77E}"
EndProject
Global
	GlobalSection(SolutionConfigurationPlatforms) = preSolution
		Debug|Any CPU = Debug|Any CPU
		Release|Any CPU = Release|Any CPU
	EndGlobalSection
	GlobalSection(ProjectConfigurationPlatforms) = postSolution
		{984EEDD9-E690-440D-9A22-ED6FDAC0C77E}.Debug|Any CPU.ActiveCfg = Debug|Any CPU
		{984EEDD9-E690-440D-9A22-ED6FDAC0C77E}.Debug|Any CPU.Build.0 = Debug|Any CPU
		{984EEDD9-E690-440D-9A22-ED6FDAC0C77E}.Release|Any CPU.ActiveCfg = Release|Any CPU
		{984EEDD9-E690-440D-9A22-ED6FDAC0C77E}.Release|Any CPU.Build.0 = Release|Any CPU
	EndGlobalSection
	GlobalSection(SolutionProperties) = preSolution
		HideSolutionNode = FALSE
	EndGlobalSection
	GlobalSection(ExtensibilityGlobals) = postSolution
		SolutionGuid = {E1980357-39ED-46B7-A119-F796E0BBC9E9}
	EndGlobalSection
EndGlobal
